# This file is automatically @generated by Cargo.
# It is not intended for manual editing.
version = 4

[[package]]
name = "addr2line"
version = "0.21.0"
source = "registry+https://github.com/rust-lang/crates.io-index"
checksum = "8a30b2e23b9e17a9f90641c7ab1549cd9b44f296d3ccbf309d2863cfe398a0cb"
dependencies = [
 "gimli",
]

[[package]]
name = "adler"
version = "1.0.2"
source = "registry+https://github.com/rust-lang/crates.io-index"
checksum = "f26201604c87b1e01bd3d98f8d5d9a8fcbb815e8cedb41ffccbeb4bf593a35fe"

[[package]]
name = "ahash"
version = "0.8.11"
source = "registry+https://github.com/rust-lang/crates.io-index"
checksum = "e89da841a80418a9b391ebaea17f5c112ffaaa96f621d2c285b5174da76b9011"
dependencies = [
 "cfg-if",
 "once_cell",
 "version_check",
 "zerocopy",
]

[[package]]
name = "aho-corasick"
version = "1.1.2"
source = "registry+https://github.com/rust-lang/crates.io-index"
checksum = "b2969dcb958b36655471fc61f7e416fa76033bdd4bfed0678d8fee1e2d07a1f0"
dependencies = [
 "memchr",
]

[[package]]
name = "anyhow"
version = "1.0.65"
source = "registry+https://github.com/rust-lang/crates.io-index"
checksum = "98161a4e3e2184da77bb14f02184cdd111e83bbbcc9979dfee3c44b9a85f5602"

[[package]]
name = "async-stream"
version = "0.3.3"
source = "registry+https://github.com/rust-lang/crates.io-index"
checksum = "dad5c83079eae9969be7fadefe640a1c566901f05ff91ab221de4b6f68d9507e"
dependencies = [
 "async-stream-impl",
 "futures-core",
]

[[package]]
name = "async-stream-impl"
version = "0.3.3"
source = "registry+https://github.com/rust-lang/crates.io-index"
checksum = "10f203db73a71dfa2fb6dd22763990fa26f3d2625a6da2da900d23b87d26be27"
dependencies = [
 "proc-macro2",
 "quote",
 "syn 1.0.100",
]

[[package]]
name = "async-trait"
version = "0.1.85"
source = "registry+https://github.com/rust-lang/crates.io-index"
checksum = "3f934833b4b7233644e5848f235df3f57ed8c80f1528a26c3dfa13d2147fa056"
dependencies = [
 "proc-macro2",
 "quote",
 "syn 2.0.96",
]

[[package]]
name = "autocfg"
version = "1.1.0"
source = "registry+https://github.com/rust-lang/crates.io-index"
checksum = "d468802bab17cbc0cc575e9b053f41e72aa36bfa6b7f55e3529ffa43161b97fa"

[[package]]
name = "autometrics"
version = "1.0.1"
source = "registry+https://github.com/rust-lang/crates.io-index"
checksum = "10eaae539e7319a3813dc8cd53776a7128bdd6d82067275c12586f5a0fce9137"
dependencies = [
 "autometrics-macros",
 "cfg_aliases",
 "http",
 "linkme",
 "metrics-exporter-prometheus",
 "once_cell",
 "opentelemetry-prometheus",
 "opentelemetry_sdk",
 "prometheus",
 "prometheus-client",
 "spez",
 "thiserror",
]

[[package]]
name = "autometrics-macros"
version = "1.0.1"
source = "registry+https://github.com/rust-lang/crates.io-index"
checksum = "fdf7c9ebfee6425011c65788c746adf80fac99ba38957ba1cdb824b593cfc993"
dependencies = [
 "percent-encoding",
 "proc-macro2",
 "quote",
 "regex",
 "syn 2.0.96",
]

[[package]]
name = "axum"
version = "0.7.9"
source = "registry+https://github.com/rust-lang/crates.io-index"
checksum = "edca88bc138befd0323b20752846e6587272d3b03b0343c8ea28a6f819e6e71f"
dependencies = [
 "async-trait",
 "axum-core",
 "bytes",
 "futures-util",
 "http",
 "http-body",
 "http-body-util",
 "hyper",
 "hyper-util",
 "itoa",
 "matchit",
 "memchr",
 "mime",
 "percent-encoding",
 "pin-project-lite",
 "rustversion",
 "serde",
 "serde_json",
 "serde_path_to_error",
 "serde_urlencoded",
 "sync_wrapper",
 "tokio",
 "tower 0.5.2",
 "tower-layer",
 "tower-service",
 "tracing",
]

[[package]]
name = "axum-core"
version = "0.4.5"
source = "registry+https://github.com/rust-lang/crates.io-index"
checksum = "09f2bd6146b97ae3359fa0cc6d6b376d9539582c7b4220f041a33ec24c226199"
dependencies = [
 "async-trait",
 "bytes",
 "futures-util",
 "http",
 "http-body",
 "http-body-util",
 "mime",
 "pin-project-lite",
 "rustversion",
 "sync_wrapper",
 "tower-layer",
 "tower-service",
 "tracing",
]

[[package]]
name = "backtrace"
version = "0.3.69"
source = "registry+https://github.com/rust-lang/crates.io-index"
checksum = "2089b7e3f35b9dd2d0ed921ead4f6d318c27680d4a5bd167b3ee120edb105837"
dependencies = [
 "addr2line",
 "cc",
 "cfg-if",
 "libc",
 "miniz_oxide",
 "object",
 "rustc-demangle",
]

[[package]]
name = "base64"
version = "0.21.7"
source = "registry+https://github.com/rust-lang/crates.io-index"
checksum = "9d297deb1925b89f2ccc13d7635fa0714f12c87adce1c75356b39ca9b7178567"

[[package]]
name = "base64"
version = "0.22.1"
source = "registry+https://github.com/rust-lang/crates.io-index"
checksum = "72b3254f16251a8381aa12e40e3c4d2f0199f8c6508fbecb9d91f575e0fbb8c6"

[[package]]
name = "bitflags"
version = "1.3.2"
source = "registry+https://github.com/rust-lang/crates.io-index"
checksum = "bef38d45163c2f1dde094a7dfd33ccf595c92905c8f8f4fdc18d06fb1037718a"

[[package]]
name = "bumpalo"
version = "3.16.0"
source = "registry+https://github.com/rust-lang/crates.io-index"
checksum = "79296716171880943b8470b5f8d03aa55eb2e645a4874bdbb28adb49162e012c"

[[package]]
name = "bytes"
version = "1.2.1"
source = "registry+https://github.com/rust-lang/crates.io-index"
checksum = "ec8a7b6a70fde80372154c65702f00a0f56f3e1c36abbc6c440484be248856db"

[[package]]
name = "cc"
version = "1.0.83"
source = "registry+https://github.com/rust-lang/crates.io-index"
checksum = "f1174fb0b6ec23863f8b971027804a42614e347eafb0a95bf0b12cdae21fc4d0"
dependencies = [
 "libc",
]

[[package]]
name = "cfg-if"
version = "1.0.0"
source = "registry+https://github.com/rust-lang/crates.io-index"
checksum = "baf1de4339761588bc0619e3cbc0120ee582ebb74b53b4efbf79117bd2da40fd"

[[package]]
name = "cfg_aliases"
version = "0.1.1"
source = "registry+https://github.com/rust-lang/crates.io-index"
checksum = "fd16c4719339c4530435d38e511904438d07cce7950afa3718a84ac36c10e89e"

[[package]]
name = "crossbeam-epoch"
version = "0.9.18"
source = "registry+https://github.com/rust-lang/crates.io-index"
checksum = "5b82ac4a3c2ca9c3460964f020e1402edd5753411d7737aa39c3714ad1b5420e"
dependencies = [
 "crossbeam-utils",
]

[[package]]
name = "crossbeam-utils"
version = "0.8.20"
source = "registry+https://github.com/rust-lang/crates.io-index"
checksum = "22ec99545bb0ed0ea7bb9b8e1e9122ea386ff8a48c0922e43f36d45ab09e0e80"

[[package]]
name = "dtoa"
version = "1.0.9"
source = "registry+https://github.com/rust-lang/crates.io-index"
checksum = "dcbb2bf8e87535c23f7a8a321e364ce21462d0ff10cb6407820e8e96dfff6653"

[[package]]
name = "either"
version = "1.8.0"
source = "registry+https://github.com/rust-lang/crates.io-index"
checksum = "90e5c1c8368803113bf0c9584fc495a58b86dc8a29edbf8fe877d21d9507e797"

[[package]]
name = "equivalent"
version = "1.0.1"
source = "registry+https://github.com/rust-lang/crates.io-index"
checksum = "5443807d6dff69373d433ab9ef5378ad8df50ca6298caf15de6e52e24aaf54d5"

[[package]]
name = "fastrand"
version = "1.8.0"
source = "registry+https://github.com/rust-lang/crates.io-index"
checksum = "a7a407cfaa3385c4ae6b23e84623d48c2798d06e3e6a1878f7f59f17b3f86499"
dependencies = [
 "instant",
]

[[package]]
name = "fixedbitset"
version = "0.4.2"
source = "registry+https://github.com/rust-lang/crates.io-index"
checksum = "0ce7134b9999ecaf8bcd65542e436736ef32ddca1b3e06094cb6ec5755203b80"

[[package]]
name = "fnv"
version = "1.0.7"
source = "registry+https://github.com/rust-lang/crates.io-index"
checksum = "3f9eec918d3f24069decb9af1554cad7c880e2da24a9afd88aca000531ab82c1"

[[package]]
name = "form_urlencoded"
version = "1.1.0"
source = "registry+https://github.com/rust-lang/crates.io-index"
checksum = "a9c384f161156f5260c24a097c56119f9be8c798586aecc13afbcbe7b7e26bf8"
dependencies = [
 "percent-encoding",
]

[[package]]
name = "futures-channel"
version = "0.3.30"
source = "registry+https://github.com/rust-lang/crates.io-index"
checksum = "eac8f7d7865dcb88bd4373ab671c8cf4508703796caa2b1985a9ca867b3fcb78"
dependencies = [
 "futures-core",
]

[[package]]
name = "futures-core"
version = "0.3.30"
source = "registry+https://github.com/rust-lang/crates.io-index"
checksum = "dfc6580bb841c5a68e9ef15c77ccc837b40a7504914d52e47b8b0e9bbda25a1d"

[[package]]
name = "futures-executor"
version = "0.3.30"
source = "registry+https://github.com/rust-lang/crates.io-index"
checksum = "a576fc72ae164fca6b9db127eaa9a9dda0d61316034f33a0a0d4eda41f02b01d"
dependencies = [
 "futures-core",
 "futures-task",
 "futures-util",
]

[[package]]
name = "futures-macro"
version = "0.3.30"
source = "registry+https://github.com/rust-lang/crates.io-index"
checksum = "87750cf4b7a4c0625b1529e4c543c2182106e4dedc60a2a6455e00d212c489ac"
dependencies = [
 "proc-macro2",
 "quote",
 "syn 2.0.96",
]

[[package]]
name = "futures-sink"
version = "0.3.30"
source = "registry+https://github.com/rust-lang/crates.io-index"
checksum = "9fb8e00e87438d937621c1c6269e53f536c14d3fbd6a042bb24879e57d474fb5"

[[package]]
name = "futures-task"
version = "0.3.30"
source = "registry+https://github.com/rust-lang/crates.io-index"
checksum = "38d84fa142264698cdce1a9f9172cf383a0c82de1bddcf3092901442c4097004"

[[package]]
name = "futures-util"
version = "0.3.30"
source = "registry+https://github.com/rust-lang/crates.io-index"
checksum = "3d6401deb83407ab3da39eba7e33987a73c3df0c82b4bb5813ee871c19c41d48"
dependencies = [
 "futures-core",
 "futures-macro",
 "futures-sink",
 "futures-task",
 "pin-project-lite",
 "pin-utils",
 "slab",
]

[[package]]
name = "getrandom"
version = "0.2.7"
source = "registry+https://github.com/rust-lang/crates.io-index"
checksum = "4eb1a864a501629691edf6c15a593b7a51eebaa1e8468e9ddc623de7c9b58ec6"
dependencies = [
 "cfg-if",
 "libc",
 "wasi",
]

[[package]]
name = "gimli"
version = "0.28.0"
source = "registry+https://github.com/rust-lang/crates.io-index"
checksum = "6fb8d784f27acf97159b40fc4db5ecd8aa23b9ad5ef69cdd136d3bc80665f0c0"

[[package]]
name = "glob"
version = "0.3.1"
source = "registry+https://github.com/rust-lang/crates.io-index"
checksum = "d2fabcfbdc87f4758337ca535fb41a6d701b65693ce38287d856d1674551ec9b"

[[package]]
name = "h2"
version = "0.4.2"
source = "registry+https://github.com/rust-lang/crates.io-index"
checksum = "31d030e59af851932b72ceebadf4a2b5986dba4c3b99dd2493f8273a0f151943"
dependencies = [
 "bytes",
 "fnv",
 "futures-core",
 "futures-sink",
 "futures-util",
 "http",
 "indexmap 2.1.0",
 "slab",
 "tokio",
 "tokio-util",
 "tracing",
]

[[package]]
name = "hashbrown"
version = "0.12.3"
source = "registry+https://github.com/rust-lang/crates.io-index"
checksum = "8a9ee70c43aaf417c914396645a0fa852624801b24ebb7ae78fe8272889ac888"

[[package]]
name = "hashbrown"
version = "0.13.1"
source = "registry+https://github.com/rust-lang/crates.io-index"
checksum = "33ff8ae62cd3a9102e5637afc8452c55acf3844001bd5374e0b0bd7b6616c038"
dependencies = [
 "ahash",
]

[[package]]
name = "hashbrown"
version = "0.14.2"
source = "registry+https://github.com/rust-lang/crates.io-index"
checksum = "f93e7192158dbcda357bdec5fb5788eebf8bbac027f3f33e719d29135ae84156"

[[package]]
name = "heck"
version = "0.4.0"
source = "registry+https://github.com/rust-lang/crates.io-index"
checksum = "2540771e65fc8cb83cd6e8a237f70c319bd5c29f78ed1084ba5d50eeac86f7f9"

[[package]]
name = "hermit-abi"
version = "0.3.9"
source = "registry+https://github.com/rust-lang/crates.io-index"
checksum = "d231dfb89cfffdbc30e7fc41579ed6066ad03abda9e567ccafae602b97ec5024"

[[package]]
name = "http"
version = "1.0.0"
source = "registry+https://github.com/rust-lang/crates.io-index"
checksum = "b32afd38673a8016f7c9ae69e5af41a58f81b1d31689040f2f1959594ce194ea"
dependencies = [
 "bytes",
 "fnv",
 "itoa",
]

[[package]]
name = "http-body"
version = "1.0.0"
source = "registry+https://github.com/rust-lang/crates.io-index"
checksum = "1cac85db508abc24a2e48553ba12a996e87244a0395ce011e62b37158745d643"
dependencies = [
 "bytes",
 "http",
]

[[package]]
name = "http-body-util"
version = "0.1.0"
source = "registry+https://github.com/rust-lang/crates.io-index"
checksum = "41cb79eb393015dadd30fc252023adb0b2400a0caee0fa2a077e6e21a551e840"
dependencies = [
 "bytes",
 "futures-util",
 "http",
 "http-body",
 "pin-project-lite",
]

[[package]]
name = "httparse"
version = "1.8.0"
source = "registry+https://github.com/rust-lang/crates.io-index"
checksum = "d897f394bad6a705d5f4104762e116a75639e470d80901eed05a860a95cb1904"

[[package]]
name = "httpdate"
version = "1.0.2"
source = "registry+https://github.com/rust-lang/crates.io-index"
checksum = "c4a1e36c821dbe04574f602848a19f742f4fb3c98d40449f11bcad18d6b17421"

[[package]]
name = "hyper"
version = "1.4.1"
source = "registry+https://github.com/rust-lang/crates.io-index"
checksum = "50dfd22e0e76d0f662d429a5f80fcaf3855009297eab6a0a9f8543834744ba05"
dependencies = [
 "bytes",
 "futures-channel",
 "futures-util",
 "h2",
 "http",
 "http-body",
 "httparse",
 "httpdate",
 "itoa",
 "pin-project-lite",
 "smallvec",
 "tokio",
 "want",
]

[[package]]
name = "hyper-timeout"
version = "0.5.1"
source = "registry+https://github.com/rust-lang/crates.io-index"
checksum = "3203a961e5c83b6f5498933e78b6b263e208c197b63e9c6c53cc82ffd3f63793"
dependencies = [
 "hyper",
 "hyper-util",
 "pin-project-lite",
 "tokio",
 "tower-service",
]

[[package]]
name = "hyper-util"
version = "0.1.6"
source = "registry+https://github.com/rust-lang/crates.io-index"
checksum = "3ab92f4f49ee4fb4f997c784b7a2e0fa70050211e0b6a287f898c3c9785ca956"
dependencies = [
 "bytes",
 "futures-channel",
 "futures-util",
 "http",
 "http-body",
 "hyper",
 "pin-project-lite",
 "socket2",
 "tokio",
 "tower 0.4.13",
 "tower-service",
 "tracing",
]

[[package]]
name = "indexmap"
version = "1.9.1"
source = "registry+https://github.com/rust-lang/crates.io-index"
checksum = "10a35a97730320ffe8e2d410b5d3b69279b98d2c14bdb8b70ea89ecf7888d41e"
dependencies = [
 "autocfg",
 "hashbrown 0.12.3",
]

[[package]]
name = "indexmap"
version = "2.1.0"
source = "registry+https://github.com/rust-lang/crates.io-index"
checksum = "d530e1a18b1cb4c484e6e34556a0d948706958449fca0cab753d649f2bce3d1f"
dependencies = [
 "equivalent",
 "hashbrown 0.14.2",
]

[[package]]
name = "instant"
version = "0.1.12"
source = "registry+https://github.com/rust-lang/crates.io-index"
checksum = "7a5bbe824c507c5da5956355e86a746d82e0e1464f65d862cc5e71da70e94b2c"
dependencies = [
 "cfg-if",
]

[[package]]
name = "itertools"
version = "0.10.4"
source = "registry+https://github.com/rust-lang/crates.io-index"
checksum = "d8bf247779e67a9082a4790b45e71ac7cfd1321331a5c856a74a9faebdab78d0"
dependencies = [
 "either",
]

[[package]]
name = "itoa"
version = "1.0.9"
source = "registry+https://github.com/rust-lang/crates.io-index"
checksum = "af150ab688ff2122fcef229be89cb50dd66af9e01a4ff320cc137eecc9bacc38"

[[package]]
name = "js-sys"
version = "0.3.69"
source = "registry+https://github.com/rust-lang/crates.io-index"
checksum = "29c15563dc2726973df627357ce0c9ddddbea194836909d655df6a75d2cf296d"
dependencies = [
 "wasm-bindgen",
]

[[package]]
name = "lazy_static"
version = "1.5.0"
source = "registry+https://github.com/rust-lang/crates.io-index"
checksum = "bbd2bcb4c963f2ddae06a2efc7e9f3591312473c50c6685e1f298068316e66fe"

[[package]]
name = "libc"
version = "0.2.169"
source = "registry+https://github.com/rust-lang/crates.io-index"
checksum = "b5aba8db14291edd000dfcc4d620c7ebfb122c613afb886ca8803fa4e128a20a"

[[package]]
name = "linkme"
version = "0.3.27"
source = "registry+https://github.com/rust-lang/crates.io-index"
checksum = "ccb76662d78edc9f9bf56360d6919bdacc8b7761227727e5082f128eeb90bbf5"
dependencies = [
 "linkme-impl",
]

[[package]]
name = "linkme-impl"
version = "0.3.27"
source = "registry+https://github.com/rust-lang/crates.io-index"
checksum = "f8dccda732e04fa3baf2e17cf835bfe2601c7c2edafd64417c627dabae3a8cda"
dependencies = [
 "proc-macro2",
 "quote",
 "syn 2.0.96",
]

[[package]]
name = "lock_api"
version = "0.4.8"
source = "registry+https://github.com/rust-lang/crates.io-index"
checksum = "9f80bf5aacaf25cbfc8210d1cfb718f2bf3b11c4c54e5afe36c236853a8ec390"
dependencies = [
 "autocfg",
 "scopeguard",
]

[[package]]
name = "log"
version = "0.4.17"
source = "registry+https://github.com/rust-lang/crates.io-index"
checksum = "abb12e687cfb44aa40f41fc3978ef76448f9b6038cad6aef4259d3c095a2382e"
dependencies = [
 "cfg-if",
]

[[package]]
name = "mach2"
version = "0.4.2"
source = "registry+https://github.com/rust-lang/crates.io-index"
checksum = "19b955cdeb2a02b9117f121ce63aa52d08ade45de53e48fe6a38b39c10f6f709"
dependencies = [
 "libc",
]

[[package]]
name = "matchit"
version = "0.7.3"
source = "registry+https://github.com/rust-lang/crates.io-index"
checksum = "0e7465ac9959cc2b1404e8e2367b43684a6d13790fe23056cc8c6c5a6b7bcb94"

[[package]]
name = "memchr"
version = "2.7.4"
source = "registry+https://github.com/rust-lang/crates.io-index"
checksum = "78ca9ab1a0babb1e7d5695e3530886289c18cf2f87ec19a575a0abdce112e3a3"

[[package]]
name = "metrics"
version = "0.21.1"
source = "registry+https://github.com/rust-lang/crates.io-index"
checksum = "fde3af1a009ed76a778cb84fdef9e7dbbdf5775ae3e4cc1f434a6a307f6f76c5"
dependencies = [
 "ahash",
 "metrics-macros",
 "portable-atomic",
]

[[package]]
name = "metrics-exporter-prometheus"
version = "0.12.2"
source = "registry+https://github.com/rust-lang/crates.io-index"
checksum = "1d4fa7ce7c4862db464a37b0b31d89bca874562f034bd7993895572783d02950"
dependencies = [
 "base64 0.21.7",
 "indexmap 1.9.1",
 "metrics",
 "metrics-util",
 "quanta",
 "thiserror",
]

[[package]]
name = "metrics-macros"
version = "0.7.1"
source = "registry+https://github.com/rust-lang/crates.io-index"
checksum = "38b4faf00617defe497754acde3024865bc143d44a86799b24e191ecff91354f"
dependencies = [
 "proc-macro2",
 "quote",
 "syn 2.0.96",
]

[[package]]
name = "metrics-util"
version = "0.15.1"
source = "registry+https://github.com/rust-lang/crates.io-index"
checksum = "4de2ed6e491ed114b40b732e4d1659a9d53992ebd87490c44a6ffe23739d973e"
dependencies = [
 "crossbeam-epoch",
 "crossbeam-utils",
 "hashbrown 0.13.1",
 "metrics",
 "num_cpus",
 "quanta",
 "sketches-ddsketch",
]

[[package]]
name = "mime"
version = "0.3.16"
source = "registry+https://github.com/rust-lang/crates.io-index"
checksum = "2a60c7ce501c71e03a9c9c0d35b861413ae925bd979cc7a4e30d060069aaac8d"

[[package]]
name = "miniz_oxide"
version = "0.7.1"
source = "registry+https://github.com/rust-lang/crates.io-index"
checksum = "e7810e0be55b428ada41041c41f32c9f1a42817901b4ccf45fa3d4b6561e74c7"
dependencies = [
 "adler",
]

[[package]]
name = "mio"
version = "1.0.1"
source = "registry+https://github.com/rust-lang/crates.io-index"
checksum = "4569e456d394deccd22ce1c1913e6ea0e54519f577285001215d33557431afe4"
dependencies = [
 "hermit-abi",
 "libc",
 "wasi",
 "windows-sys 0.52.0",
]

[[package]]
name = "multimap"
version = "0.8.3"
source = "registry+https://github.com/rust-lang/crates.io-index"
checksum = "e5ce46fe64a9d73be07dcbe690a38ce1b293be448fd8ce1e6c1b8062c9f72c6a"

[[package]]
name = "num-traits"
version = "0.2.19"
source = "registry+https://github.com/rust-lang/crates.io-index"
checksum = "071dfc062690e90b734c0b2273ce72ad0ffa95f0c74596bc250dcfd960262841"
dependencies = [
 "autocfg",
]

[[package]]
name = "num_cpus"
version = "1.16.0"
source = "registry+https://github.com/rust-lang/crates.io-index"
checksum = "4161fcb6d602d4d2081af7c3a45852d875a03dd337a6bfdd6e06407b61342a43"
dependencies = [
 "hermit-abi",
 "libc",
]

[[package]]
name = "object"
version = "0.32.1"
source = "registry+https://github.com/rust-lang/crates.io-index"
checksum = "9cf5f9dd3933bd50a9e1f149ec995f39ae2c496d31fd772c1fd45ebc27e902b0"
dependencies = [
 "memchr",
]

[[package]]
name = "once_cell"
version = "1.18.0"
source = "registry+https://github.com/rust-lang/crates.io-index"
checksum = "dd8b5dd2ae5ed71462c540258bedcb51965123ad7e7ccf4b9a8cafaa4a63576d"

[[package]]
name = "opentelemetry"
version = "0.21.0"
source = "registry+https://github.com/rust-lang/crates.io-index"
checksum = "1e32339a5dc40459130b3bd269e9892439f55b33e772d2a9d402a789baaf4e8a"
dependencies = [
 "futures-core",
 "futures-sink",
 "indexmap 2.1.0",
 "js-sys",
 "once_cell",
 "pin-project-lite",
 "thiserror",
 "urlencoding",
]

[[package]]
name = "opentelemetry-prometheus"
version = "0.14.1"
source = "registry+https://github.com/rust-lang/crates.io-index"
checksum = "6f8f082da115b0dcb250829e3ed0b8792b8f963a1ad42466e48422fbe6a079bd"
dependencies = [
 "once_cell",
 "opentelemetry",
 "opentelemetry_sdk",
 "prometheus",
 "protobuf",
]

[[package]]
name = "opentelemetry_sdk"
version = "0.21.2"
source = "registry+https://github.com/rust-lang/crates.io-index"
checksum = "2f16aec8a98a457a52664d69e0091bac3a0abd18ead9b641cb00202ba4e0efe4"
dependencies = [
 "async-trait",
 "futures-channel",
 "futures-executor",
 "futures-util",
 "glob",
 "once_cell",
 "opentelemetry",
 "ordered-float",
 "thiserror",
]

[[package]]
name = "ordered-float"
version = "4.2.1"
source = "registry+https://github.com/rust-lang/crates.io-index"
checksum = "19ff2cf528c6c03d9ed653d6c4ce1dc0582dc4af309790ad92f07c1cd551b0be"
dependencies = [
 "num-traits",
]

[[package]]
name = "parking_lot"
version = "0.12.1"
source = "registry+https://github.com/rust-lang/crates.io-index"
checksum = "3742b2c103b9f06bc9fff0a37ff4912935851bee6d36f3c02bcc755bcfec228f"
dependencies = [
 "lock_api",
 "parking_lot_core",
]

[[package]]
name = "parking_lot_core"
version = "0.9.3"
source = "registry+https://github.com/rust-lang/crates.io-index"
checksum = "09a279cbf25cb0757810394fbc1e359949b59e348145c643a939a525692e6929"
dependencies = [
 "cfg-if",
 "libc",
 "redox_syscall",
 "smallvec",
 "windows-sys 0.36.1",
]

[[package]]
name = "percent-encoding"
version = "2.2.0"
source = "registry+https://github.com/rust-lang/crates.io-index"
checksum = "478c572c3d73181ff3c2539045f6eb99e5491218eae919370993b890cdbdd98e"

[[package]]
name = "petgraph"
version = "0.6.2"
source = "registry+https://github.com/rust-lang/crates.io-index"
checksum = "e6d5014253a1331579ce62aa67443b4a658c5e7dd03d4bc6d302b94474888143"
dependencies = [
 "fixedbitset",
 "indexmap 1.9.1",
]

[[package]]
name = "pin-project"
version = "1.1.3"
source = "registry+https://github.com/rust-lang/crates.io-index"
checksum = "fda4ed1c6c173e3fc7a83629421152e01d7b1f9b7f65fb301e490e8cfc656422"
dependencies = [
 "pin-project-internal",
]

[[package]]
name = "pin-project-internal"
version = "1.1.3"
source = "registry+https://github.com/rust-lang/crates.io-index"
checksum = "4359fd9c9171ec6e8c62926d6faaf553a8dc3f64e1507e76da7911b4f6a04405"
dependencies = [
 "proc-macro2",
 "quote",
 "syn 2.0.96",
]

[[package]]
name = "pin-project-lite"
version = "0.2.13"
source = "registry+https://github.com/rust-lang/crates.io-index"
checksum = "8afb450f006bf6385ca15ef45d71d2288452bc3683ce2e2cacc0d18e4be60b58"

[[package]]
name = "pin-utils"
version = "0.1.0"
source = "registry+https://github.com/rust-lang/crates.io-index"
checksum = "8b870d8c151b6f2fb93e84a13146138f05d02ed11c7e7c54f8826aaaf7c9f184"

[[package]]
name = "portable-atomic"
version = "1.7.0"
source = "registry+https://github.com/rust-lang/crates.io-index"
checksum = "da544ee218f0d287a911e9c99a39a8c9bc8fcad3cb8db5959940044ecfc67265"

[[package]]
name = "ppv-lite86"
version = "0.2.16"
source = "registry+https://github.com/rust-lang/crates.io-index"
checksum = "eb9f9e6e233e5c4a35559a617bf40a4ec447db2e84c20b55a6f83167b7e57872"

[[package]]
name = "prettyplease"
version = "0.2.15"
source = "registry+https://github.com/rust-lang/crates.io-index"
checksum = "ae005bd773ab59b4725093fd7df83fd7892f7d8eafb48dbd7de6e024e4215f9d"
dependencies = [
 "proc-macro2",
 "syn 2.0.96",
]

[[package]]
name = "proc-macro2"
version = "1.0.93"
source = "registry+https://github.com/rust-lang/crates.io-index"
checksum = "60946a68e5f9d28b0dc1c21bb8a97ee7d018a8b322fa57838ba31cc878e22d99"
dependencies = [
 "unicode-ident",
]

[[package]]
name = "prometheus"
version = "0.13.4"
source = "registry+https://github.com/rust-lang/crates.io-index"
checksum = "3d33c28a30771f7f96db69893f78b857f7450d7e0237e9c8fc6427a81bae7ed1"
dependencies = [
 "cfg-if",
 "fnv",
 "lazy_static",
 "memchr",
 "parking_lot",
 "protobuf",
 "thiserror",
]

[[package]]
name = "prometheus-client"
version = "0.22.3"
source = "registry+https://github.com/rust-lang/crates.io-index"
checksum = "504ee9ff529add891127c4827eb481bd69dc0ebc72e9a682e187db4caa60c3ca"
dependencies = [
 "dtoa",
 "itoa",
 "parking_lot",
 "prometheus-client-derive-encode",
]

[[package]]
name = "prometheus-client-derive-encode"
version = "0.4.2"
source = "registry+https://github.com/rust-lang/crates.io-index"
checksum = "440f724eba9f6996b75d63681b0a92b06947f1457076d503a4d2e2c8f56442b8"
dependencies = [
 "proc-macro2",
 "quote",
 "syn 2.0.96",
]

[[package]]
name = "prost"
version = "0.13.4"
source = "registry+https://github.com/rust-lang/crates.io-index"
checksum = "2c0fef6c4230e4ccf618a35c59d7ede15dea37de8427500f50aff708806e42ec"
dependencies = [
 "bytes",
 "prost-derive",
]

[[package]]
name = "prost-build"
version = "0.13.1"
source = "registry+https://github.com/rust-lang/crates.io-index"
checksum = "5bb182580f71dd070f88d01ce3de9f4da5021db7115d2e1c3605a754153b77c1"
dependencies = [
 "bytes",
 "heck",
 "itertools",
 "log",
 "multimap",
 "once_cell",
 "petgraph",
 "prettyplease",
 "prost",
 "prost-types",
 "regex",
 "syn 2.0.96",
 "tempfile",
]

[[package]]
name = "prost-derive"
version = "0.13.4"
source = "registry+https://github.com/rust-lang/crates.io-index"
checksum = "157c5a9d7ea5c2ed2d9fb8f495b64759f7816c7eaea54ba3978f0d63000162e3"
dependencies = [
 "anyhow",
 "itertools",
 "proc-macro2",
 "quote",
 "syn 2.0.96",
]

[[package]]
name = "prost-types"
version = "0.13.1"
source = "registry+https://github.com/rust-lang/crates.io-index"
checksum = "cee5168b05f49d4b0ca581206eb14a7b22fafd963efe729ac48eb03266e25cc2"
dependencies = [
 "prost",
]

[[package]]
name = "protobuf"
version = "2.28.0"
source = "registry+https://github.com/rust-lang/crates.io-index"
checksum = "106dd99e98437432fed6519dedecfade6a06a73bb7b2a1e019fdd2bee5778d94"

[[package]]
name = "quanta"
version = "0.11.1"
source = "registry+https://github.com/rust-lang/crates.io-index"
checksum = "a17e662a7a8291a865152364c20c7abc5e60486ab2001e8ec10b24862de0b9ab"
dependencies = [
 "crossbeam-utils",
 "libc",
 "mach2",
 "once_cell",
 "raw-cpuid",
 "wasi",
 "web-sys",
 "winapi",
]

[[package]]
name = "quote"
version = "1.0.35"
source = "registry+https://github.com/rust-lang/crates.io-index"
checksum = "291ec9ab5efd934aaf503a6466c5d5251535d108ee747472c3977cc5acc868ef"
dependencies = [
 "proc-macro2",
]

[[package]]
name = "rand"
version = "0.8.5"
source = "registry+https://github.com/rust-lang/crates.io-index"
checksum = "34af8d1a0e25924bc5b7c43c079c942339d8f0a8b57c39049bef581b46327404"
dependencies = [
 "libc",
 "rand_chacha",
 "rand_core",
]

[[package]]
name = "rand_chacha"
version = "0.3.1"
source = "registry+https://github.com/rust-lang/crates.io-index"
checksum = "e6c10a63a0fa32252be49d21e7709d4d4baf8d231c2dbce1eaa8141b9b127d88"
dependencies = [
 "ppv-lite86",
 "rand_core",
]

[[package]]
name = "rand_core"
version = "0.6.4"
source = "registry+https://github.com/rust-lang/crates.io-index"
checksum = "ec0be4795e2f6a28069bec0b5ff3e2ac9bafc99e6a9a7dc3547996c5c816922c"
dependencies = [
 "getrandom",
]

[[package]]
name = "raw-cpuid"
version = "10.7.0"
source = "registry+https://github.com/rust-lang/crates.io-index"
checksum = "6c297679cb867470fa8c9f67dbba74a78d78e3e98d7cf2b08d6d71540f797332"
dependencies = [
 "bitflags",
]

[[package]]
name = "redox_syscall"
version = "0.2.16"
source = "registry+https://github.com/rust-lang/crates.io-index"
checksum = "fb5a58c1855b4b6819d59012155603f0b22ad30cad752600aadfcb695265519a"
dependencies = [
 "bitflags",
]

[[package]]
name = "regex"
version = "1.10.5"
source = "registry+https://github.com/rust-lang/crates.io-index"
checksum = "b91213439dad192326a0d7c6ee3955910425f441d7038e0d6933b0aec5c4517f"
dependencies = [
 "aho-corasick",
 "memchr",
 "regex-automata",
 "regex-syntax",
]

[[package]]
name = "regex-automata"
version = "0.4.7"
source = "registry+https://github.com/rust-lang/crates.io-index"
checksum = "38caf58cc5ef2fed281f89292ef23f6365465ed9a41b7a7754eb4e26496c92df"
dependencies = [
 "aho-corasick",
 "memchr",
 "regex-syntax",
]

[[package]]
name = "regex-syntax"
version = "0.8.4"
source = "registry+https://github.com/rust-lang/crates.io-index"
checksum = "7a66a03ae7c801facd77a29370b4faec201768915ac14a721ba36f20bc9c209b"

[[package]]
name = "remove_dir_all"
version = "0.5.3"
source = "registry+https://github.com/rust-lang/crates.io-index"
checksum = "3acd125665422973a33ac9d3dd2df85edad0f4ae9b00dafb1a05e43a9f5ef8e7"
dependencies = [
 "winapi",
]

[[package]]
name = "rs-rpc"
version = "0.1.1"
dependencies = [
 "async-trait",
 "autometrics",
 "axum",
 "prost",
 "serde",
 "serde_json",
 "tokio",
 "tonic",
 "tonic-build",
 "tonic-reflection",
 "tower 0.5.2",
]

[[package]]
name = "rustc-demangle"
version = "0.1.23"
source = "registry+https://github.com/rust-lang/crates.io-index"
checksum = "d626bb9dae77e28219937af045c257c28bfd3f69333c512553507f5f9798cb76"

[[package]]
name = "rustversion"
version = "1.0.14"
source = "registry+https://github.com/rust-lang/crates.io-index"
checksum = "7ffc183a10b4478d04cbbbfc96d0873219d962dd5accaff2ffbd4ceb7df837f4"

[[package]]
name = "ryu"
version = "1.0.15"
source = "registry+https://github.com/rust-lang/crates.io-index"
checksum = "1ad4cc8da4ef723ed60bced201181d83791ad433213d8c24efffda1eec85d741"

[[package]]
name = "scopeguard"
version = "1.1.0"
source = "registry+https://github.com/rust-lang/crates.io-index"
checksum = "d29ab0c6d3fc0ee92fe66e2d99f700eab17a8d57d1c1d3b748380fb20baa78cd"

[[package]]
name = "serde"
version = "1.0.217"
source = "registry+https://github.com/rust-lang/crates.io-index"
checksum = "02fc4265df13d6fa1d00ecff087228cc0a2b5f3c0e87e258d8b94a156e984c70"
dependencies = [
 "serde_derive",
]

[[package]]
name = "serde_derive"
version = "1.0.217"
source = "registry+https://github.com/rust-lang/crates.io-index"
checksum = "5a9bf7cf98d04a2b28aead066b7496853d4779c9cc183c440dbac457641e19a0"
dependencies = [
 "proc-macro2",
 "quote",
 "syn 2.0.96",
]

[[package]]
name = "serde_json"
version = "1.0.135"
source = "registry+https://github.com/rust-lang/crates.io-index"
checksum = "2b0d7ba2887406110130a978386c4e1befb98c674b4fba677954e4db976630d9"
dependencies = [
 "itoa",
 "memchr",
 "ryu",
 "serde",
]

[[package]]
name = "serde_path_to_error"
version = "0.1.14"
source = "registry+https://github.com/rust-lang/crates.io-index"
checksum = "4beec8bce849d58d06238cb50db2e1c417cfeafa4c63f692b15c82b7c80f8335"
dependencies = [
 "itoa",
 "serde",
]

[[package]]
name = "serde_urlencoded"
version = "0.7.1"
source = "registry+https://github.com/rust-lang/crates.io-index"
checksum = "d3491c14715ca2294c4d6a88f15e84739788c1d030eed8c110436aafdaa2f3fd"
dependencies = [
 "form_urlencoded",
 "itoa",
 "ryu",
 "serde",
]

[[package]]
name = "signal-hook-registry"
version = "1.4.0"
source = "registry+https://github.com/rust-lang/crates.io-index"
checksum = "e51e73328dc4ac0c7ccbda3a494dfa03df1de2f46018127f60c693f2648455b0"
dependencies = [
 "libc",
]

[[package]]
name = "sketches-ddsketch"
version = "0.2.2"
source = "registry+https://github.com/rust-lang/crates.io-index"
checksum = "85636c14b73d81f541e525f585c0a2109e6744e1565b5c1668e31c70c10ed65c"

[[package]]
name = "slab"
version = "0.4.7"
source = "registry+https://github.com/rust-lang/crates.io-index"
checksum = "4614a76b2a8be0058caa9dbbaf66d988527d86d003c11a94fbd335d7661edcef"
dependencies = [
 "autocfg",
]

[[package]]
name = "smallvec"
version = "1.13.2"
source = "registry+https://github.com/rust-lang/crates.io-index"
checksum = "3c5e1a9a646d36c3599cd173a41282daf47c44583ad367b8e6837255952e5c67"

[[package]]
name = "socket2"
version = "0.5.5"
source = "registry+https://github.com/rust-lang/crates.io-index"
checksum = "7b5fac59a5cb5dd637972e5fca70daf0523c9067fcdc4842f053dae04a18f8e9"
dependencies = [
 "libc",
 "windows-sys 0.48.0",
]

[[package]]
name = "spez"
version = "0.1.2"
source = "registry+https://github.com/rust-lang/crates.io-index"
checksum = "c87e960f4dca2788eeb86bbdde8dd246be8948790b7618d656e68f9b720a86e8"
dependencies = [
 "proc-macro2",
 "quote",
 "syn 2.0.96",
]

[[package]]
name = "syn"
version = "1.0.100"
source = "registry+https://github.com/rust-lang/crates.io-index"
checksum = "52205623b1b0f064a4e71182c3b18ae902267282930c6d5462c91b859668426e"
dependencies = [
 "proc-macro2",
 "quote",
 "unicode-ident",
]

[[package]]
name = "syn"
version = "2.0.96"
source = "registry+https://github.com/rust-lang/crates.io-index"
checksum = "d5d0adab1ae378d7f53bdebc67a39f1f151407ef230f0ce2883572f5d8985c80"
dependencies = [
 "proc-macro2",
 "quote",
 "unicode-ident",
]

[[package]]
name = "sync_wrapper"
version = "1.0.1"
source = "registry+https://github.com/rust-lang/crates.io-index"
checksum = "a7065abeca94b6a8a577f9bd45aa0867a2238b74e8eb67cf10d492bc39351394"

[[package]]
name = "tempfile"
version = "3.3.0"
source = "registry+https://github.com/rust-lang/crates.io-index"
checksum = "5cdb1ef4eaeeaddc8fbd371e5017057064af0911902ef36b39801f67cc6d79e4"
dependencies = [
 "cfg-if",
 "fastrand",
 "libc",
 "redox_syscall",
 "remove_dir_all",
 "winapi",
]

[[package]]
name = "thiserror"
version = "1.0.63"
source = "registry+https://github.com/rust-lang/crates.io-index"
checksum = "c0342370b38b6a11b6cc11d6a805569958d54cfa061a29969c3b5ce2ea405724"
dependencies = [
 "thiserror-impl",
]

[[package]]
name = "thiserror-impl"
version = "1.0.63"
source = "registry+https://github.com/rust-lang/crates.io-index"
checksum = "a4558b58466b9ad7ca0f102865eccc95938dca1a74a856f2b57b6629050da261"
dependencies = [
 "proc-macro2",
 "quote",
 "syn 2.0.96",
]

[[package]]
name = "tokio"
version = "1.43.0"
source = "registry+https://github.com/rust-lang/crates.io-index"
checksum = "3d61fa4ffa3de412bfea335c6ecff681de2b609ba3c77ef3e00e521813a9ed9e"
dependencies = [
 "backtrace",
 "bytes",
 "libc",
 "mio",
 "parking_lot",
 "pin-project-lite",
 "signal-hook-registry",
 "socket2",
 "tokio-macros",
 "windows-sys 0.52.0",
]

[[package]]
name = "tokio-macros"
version = "2.5.0"
source = "registry+https://github.com/rust-lang/crates.io-index"
checksum = "6e06d43f1345a3bcd39f6a56dbb7dcab2ba47e68e8ac134855e7e2bdbaf8cab8"
dependencies = [
 "proc-macro2",
 "quote",
 "syn 2.0.96",
]

[[package]]
name = "tokio-stream"
version = "0.1.17"
source = "registry+https://github.com/rust-lang/crates.io-index"
checksum = "eca58d7bba4a75707817a2c44174253f9236b2d5fbd055602e9d5c07c139a047"
dependencies = [
 "futures-core",
 "pin-project-lite",
 "tokio",
]

[[package]]
name = "tokio-util"
version = "0.7.4"
source = "registry+https://github.com/rust-lang/crates.io-index"
checksum = "0bb2e075f03b3d66d8d8785356224ba688d2906a371015e225beeb65ca92c740"
dependencies = [
 "bytes",
 "futures-core",
 "futures-sink",
 "pin-project-lite",
 "tokio",
 "tracing",
]

[[package]]
name = "tonic"
version = "0.12.3"
source = "registry+https://github.com/rust-lang/crates.io-index"
checksum = "877c5b330756d856ffcc4553ab34a5684481ade925ecc54bcd1bf02b1d0d4d52"
dependencies = [
 "async-stream",
 "async-trait",
 "axum",
 "base64 0.22.1",
 "bytes",
 "h2",
 "http",
 "http-body",
 "http-body-util",
 "hyper",
 "hyper-timeout",
 "hyper-util",
 "percent-encoding",
 "pin-project",
 "prost",
 "socket2",
 "tokio",
 "tokio-stream",
 "tower 0.4.13",
 "tower-layer",
 "tower-service",
 "tracing",
]

[[package]]
name = "tonic-build"
version = "0.12.3"
source = "registry+https://github.com/rust-lang/crates.io-index"
checksum = "9557ce109ea773b399c9b9e5dca39294110b74f1f342cb347a80d1fce8c26a11"
dependencies = [
 "prettyplease",
 "proc-macro2",
 "prost-build",
 "prost-types",
 "quote",
 "syn 2.0.96",
]

[[package]]
name = "tonic-reflection"
version = "0.12.3"
source = "registry+https://github.com/rust-lang/crates.io-index"
checksum = "878d81f52e7fcfd80026b7fdb6a9b578b3c3653ba987f87f0dce4b64043cba27"
dependencies = [
 "prost",
 "prost-types",
 "tokio",
 "tokio-stream",
 "tonic",
]

[[package]]
name = "tower"
version = "0.4.13"
source = "registry+https://github.com/rust-lang/crates.io-index"
checksum = "b8fa9be0de6cf49e536ce1851f987bd21a43b771b09473c3549a6c853db37c1c"
dependencies = [
 "futures-core",
 "futures-util",
 "indexmap 1.9.1",
 "pin-project",
 "pin-project-lite",
 "rand",
 "slab",
 "tokio",
 "tokio-util",
 "tower-layer",
 "tower-service",
 "tracing",
]

[[package]]
name = "tower"
version = "0.5.2"
source = "registry+https://github.com/rust-lang/crates.io-index"
checksum = "d039ad9159c98b70ecfd540b2573b97f7f52c3e8d9f8ad57a24b916a536975f9"
dependencies = [
 "futures-core",
 "futures-util",
 "pin-project-lite",
 "sync_wrapper",
 "tokio",
 "tower-layer",
 "tower-service",
 "tracing",
]

[[package]]
name = "tower-layer"
version = "0.3.3"
source = "registry+https://github.com/rust-lang/crates.io-index"
checksum = "121c2a6cda46980bb0fcd1647ffaf6cd3fc79a013de288782836f6df9c48780e"

[[package]]
name = "tower-service"
version = "0.3.3"
source = "registry+https://github.com/rust-lang/crates.io-index"
checksum = "8df9b6e13f2d32c91b9bd719c00d1958837bc7dec474d94952798cc8e69eeec3"

[[package]]
name = "tracing"
version = "0.1.40"
source = "registry+https://github.com/rust-lang/crates.io-index"
checksum = "c3523ab5a71916ccf420eebdf5521fcef02141234bbc0b8a49f2fdc4544364ef"
dependencies = [
 "log",
 "pin-project-lite",
 "tracing-attributes",
 "tracing-core",
]

[[package]]
name = "tracing-attributes"
version = "0.1.27"
source = "registry+https://github.com/rust-lang/crates.io-index"
checksum = "34704c8d6ebcbc939824180af020566b01a7c01f80641264eba0999f6c2b6be7"
dependencies = [
 "proc-macro2",
 "quote",
 "syn 2.0.96",
]

[[package]]
name = "tracing-core"
version = "0.1.32"
source = "registry+https://github.com/rust-lang/crates.io-index"
checksum = "c06d3da6113f116aaee68e4d601191614c9053067f9ab7f6edbcb161237daa54"
dependencies = [
 "once_cell",
]

[[package]]
name = "try-lock"
version = "0.2.3"
source = "registry+https://github.com/rust-lang/crates.io-index"
checksum = "59547bce71d9c38b83d9c0e92b6066c4253371f15005def0c30d9657f50c7642"

[[package]]
name = "unicode-ident"
version = "1.0.4"
source = "registry+https://github.com/rust-lang/crates.io-index"
checksum = "dcc811dc4066ac62f84f11307873c4850cb653bfa9b1719cee2bd2204a4bc5dd"

[[package]]
name = "urlencoding"
version = "2.1.3"
source = "registry+https://github.com/rust-lang/crates.io-index"
checksum = "daf8dba3b7eb870caf1ddeed7bc9d2a049f3cfdfae7cb521b087cc33ae4c49da"

[[package]]
name = "version_check"
version = "0.9.5"
source = "registry+https://github.com/rust-lang/crates.io-index"
checksum = "0b928f33d975fc6ad9f86c8f283853ad26bdd5b10b7f1542aa2fa15e2289105a"

[[package]]
name = "want"
version = "0.3.0"
source = "registry+https://github.com/rust-lang/crates.io-index"
checksum = "1ce8a968cb1cd110d136ff8b819a556d6fb6d919363c61534f6860c7eb172ba0"
dependencies = [
 "log",
 "try-lock",
]

[[package]]
name = "wasi"
version = "0.11.0+wasi-snapshot-preview1"
source = "registry+https://github.com/rust-lang/crates.io-index"
checksum = "9c8d87e72b64a3b4db28d11ce29237c246188f4f51057d65a7eab63b7987e423"

[[package]]
name = "wasm-bindgen"
version = "0.2.92"
source = "registry+https://github.com/rust-lang/crates.io-index"
checksum = "4be2531df63900aeb2bca0daaaddec08491ee64ceecbee5076636a3b026795a8"
dependencies = [
 "cfg-if",
 "wasm-bindgen-macro",
]

[[package]]
name = "wasm-bindgen-backend"
version = "0.2.92"
source = "registry+https://github.com/rust-lang/crates.io-index"
checksum = "614d787b966d3989fa7bb98a654e369c762374fd3213d212cfc0251257e747da"
dependencies = [
 "bumpalo",
 "log",
 "once_cell",
 "proc-macro2",
 "quote",
 "syn 2.0.96",
 "wasm-bindgen-shared",
]

[[package]]
name = "wasm-bindgen-macro"
version = "0.2.92"
source = "registry+https://github.com/rust-lang/crates.io-index"
checksum = "a1f8823de937b71b9460c0c34e25f3da88250760bec0ebac694b49997550d726"
dependencies = [
 "quote",
 "wasm-bindgen-macro-support",
]

[[package]]
name = "wasm-bindgen-macro-support"
version = "0.2.92"
source = "registry+https://github.com/rust-lang/crates.io-index"
checksum = "e94f17b526d0a461a191c78ea52bbce64071ed5c04c9ffe424dcb38f74171bb7"
dependencies = [
 "proc-macro2",
 "quote",
 "syn 2.0.96",
 "wasm-bindgen-backend",
 "wasm-bindgen-shared",
]

[[package]]
name = "wasm-bindgen-shared"
version = "0.2.92"
source = "registry+https://github.com/rust-lang/crates.io-index"
checksum = "af190c94f2773fdb3729c55b007a722abb5384da03bc0986df4c289bf5567e96"

[[package]]
name = "web-sys"
version = "0.3.69"
source = "registry+https://github.com/rust-lang/crates.io-index"
checksum = "77afa9a11836342370f4817622a2f0f418b134426d91a82dfb48f532d2ec13ef"
dependencies = [
 "js-sys",
 "wasm-bindgen",
]

[[package]]
name = "winapi"
version = "0.3.9"
source = "registry+https://github.com/rust-lang/crates.io-index"
checksum = "5c839a674fcd7a98952e593242ea400abe93992746761e38641405d28b00f419"
dependencies = [
 "winapi-i686-pc-windows-gnu",
 "winapi-x86_64-pc-windows-gnu",
]

[[package]]
name = "winapi-i686-pc-windows-gnu"
version = "0.4.0"
source = "registry+https://github.com/rust-lang/crates.io-index"
checksum = "ac3b87c63620426dd9b991e5ce0329eff545bccbbb34f3be09ff6fb6ab51b7b6"

[[package]]
name = "winapi-x86_64-pc-windows-gnu"
version = "0.4.0"
source = "registry+https://github.com/rust-lang/crates.io-index"
checksum = "712e227841d057c1ee1cd2fb22fa7e5a5461ae8e48fa2ca79ec42cfc1931183f"

[[package]]
name = "windows-sys"
version = "0.36.1"
source = "registry+https://github.com/rust-lang/crates.io-index"
checksum = "ea04155a16a59f9eab786fe12a4a450e75cdb175f9e0d80da1e17db09f55b8d2"
dependencies = [
 "windows_aarch64_msvc 0.36.1",
 "windows_i686_gnu 0.36.1",
 "windows_i686_msvc 0.36.1",
 "windows_x86_64_gnu 0.36.1",
 "windows_x86_64_msvc 0.36.1",
]

[[package]]
name = "windows-sys"
version = "0.48.0"
source = "registry+https://github.com/rust-lang/crates.io-index"
checksum = "677d2418bec65e3338edb076e806bc1ec15693c5d0104683f2efe857f61056a9"
dependencies = [
 "windows-targets 0.48.5",
]

[[package]]
name = "windows-sys"
version = "0.52.0"
source = "registry+https://github.com/rust-lang/crates.io-index"
checksum = "282be5f36a8ce781fad8c8ae18fa3f9beff57ec1b52cb3de0789201425d9a33d"
dependencies = [
 "windows-targets 0.52.6",
]

[[package]]
name = "windows-targets"
version = "0.48.5"
source = "registry+https://github.com/rust-lang/crates.io-index"
checksum = "9a2fa6e2155d7247be68c096456083145c183cbbbc2764150dda45a87197940c"
dependencies = [
 "windows_aarch64_gnullvm 0.48.5",
 "windows_aarch64_msvc 0.48.5",
 "windows_i686_gnu 0.48.5",
 "windows_i686_msvc 0.48.5",
 "windows_x86_64_gnu 0.48.5",
 "windows_x86_64_gnullvm 0.48.5",
 "windows_x86_64_msvc 0.48.5",
]

[[package]]
name = "windows-targets"
version = "0.52.6"
source = "registry+https://github.com/rust-lang/crates.io-index"
checksum = "9b724f72796e036ab90c1021d4780d4d3d648aca59e491e6b98e725b84e99973"
dependencies = [
 "windows_aarch64_gnullvm 0.52.6",
 "windows_aarch64_msvc 0.52.6",
 "windows_i686_gnu 0.52.6",
 "windows_i686_gnullvm",
 "windows_i686_msvc 0.52.6",
 "windows_x86_64_gnu 0.52.6",
 "windows_x86_64_gnullvm 0.52.6",
 "windows_x86_64_msvc 0.52.6",
]

[[package]]
name = "windows_aarch64_gnullvm"
version = "0.48.5"
source = "registry+https://github.com/rust-lang/crates.io-index"
checksum = "2b38e32f0abccf9987a4e3079dfb67dcd799fb61361e53e2882c3cbaf0d905d8"

[[package]]
name = "windows_aarch64_gnullvm"
version = "0.52.6"
source = "registry+https://github.com/rust-lang/crates.io-index"
checksum = "32a4622180e7a0ec044bb555404c800bc9fd9ec262ec147edd5989ccd0c02cd3"

[[package]]
name = "windows_aarch64_msvc"
version = "0.36.1"
source = "registry+https://github.com/rust-lang/crates.io-index"
checksum = "9bb8c3fd39ade2d67e9874ac4f3db21f0d710bee00fe7cab16949ec184eeaa47"

[[package]]
name = "windows_aarch64_msvc"
version = "0.48.5"
source = "registry+https://github.com/rust-lang/crates.io-index"
checksum = "dc35310971f3b2dbbf3f0690a219f40e2d9afcf64f9ab7cc1be722937c26b4bc"

[[package]]
name = "windows_aarch64_msvc"
version = "0.52.6"
source = "registry+https://github.com/rust-lang/crates.io-index"
checksum = "09ec2a7bb152e2252b53fa7803150007879548bc709c039df7627cabbd05d469"

[[package]]
name = "windows_i686_gnu"
version = "0.36.1"
source = "registry+https://github.com/rust-lang/crates.io-index"
checksum = "180e6ccf01daf4c426b846dfc66db1fc518f074baa793aa7d9b9aaeffad6a3b6"

[[package]]
name = "windows_i686_gnu"
version = "0.48.5"
source = "registry+https://github.com/rust-lang/crates.io-index"
checksum = "a75915e7def60c94dcef72200b9a8e58e5091744960da64ec734a6c6e9b3743e"

[[package]]
name = "windows_i686_gnu"
version = "0.52.6"
source = "registry+https://github.com/rust-lang/crates.io-index"
checksum = "8e9b5ad5ab802e97eb8e295ac6720e509ee4c243f69d781394014ebfe8bbfa0b"

[[package]]
name = "windows_i686_gnullvm"
version = "0.52.6"
source = "registry+https://github.com/rust-lang/crates.io-index"
checksum = "0eee52d38c090b3caa76c563b86c3a4bd71ef1a819287c19d586d7334ae8ed66"

[[package]]
name = "windows_i686_msvc"
version = "0.36.1"
source = "registry+https://github.com/rust-lang/crates.io-index"
checksum = "e2e7917148b2812d1eeafaeb22a97e4813dfa60a3f8f78ebe204bcc88f12f024"

[[package]]
name = "windows_i686_msvc"
version = "0.48.5"
source = "registry+https://github.com/rust-lang/crates.io-index"
checksum = "8f55c233f70c4b27f66c523580f78f1004e8b5a8b659e05a4eb49d4166cca406"

[[package]]
name = "windows_i686_msvc"
version = "0.52.6"
source = "registry+https://github.com/rust-lang/crates.io-index"
checksum = "240948bc05c5e7c6dabba28bf89d89ffce3e303022809e73deaefe4f6ec56c66"

[[package]]
name = "windows_x86_64_gnu"
version = "0.36.1"
source = "registry+https://github.com/rust-lang/crates.io-index"
checksum = "4dcd171b8776c41b97521e5da127a2d86ad280114807d0b2ab1e462bc764d9e1"

[[package]]
name = "windows_x86_64_gnu"
version = "0.48.5"
source = "registry+https://github.com/rust-lang/crates.io-index"
checksum = "53d40abd2583d23e4718fddf1ebec84dbff8381c07cae67ff7768bbf19c6718e"

[[package]]
name = "windows_x86_64_gnu"
version = "0.52.6"
source = "registry+https://github.com/rust-lang/crates.io-index"
checksum = "147a5c80aabfbf0c7d901cb5895d1de30ef2907eb21fbbab29ca94c5b08b1a78"

[[package]]
name = "windows_x86_64_gnullvm"
version = "0.48.5"
source = "registry+https://github.com/rust-lang/crates.io-index"
checksum = "0b7b52767868a23d5bab768e390dc5f5c55825b6d30b86c844ff2dc7414044cc"

[[package]]
name = "windows_x86_64_gnullvm"
version = "0.52.6"
source = "registry+https://github.com/rust-lang/crates.io-index"
checksum = "24d5b23dc417412679681396f2b49f3de8c1473deb516bd34410872eff51ed0d"

[[package]]
name = "windows_x86_64_msvc"
version = "0.36.1"
source = "registry+https://github.com/rust-lang/crates.io-index"
checksum = "c811ca4a8c853ef420abd8592ba53ddbbac90410fab6903b3e79972a631f7680"

[[package]]
name = "windows_x86_64_msvc"
version = "0.48.5"
source = "registry+https://github.com/rust-lang/crates.io-index"
checksum = "ed94fce61571a4006852b7389a063ab983c02eb1bb37b47f8272ce92d06d9538"

[[package]]
name = "windows_x86_64_msvc"
version = "0.52.6"
source = "registry+https://github.com/rust-lang/crates.io-index"
checksum = "589f6da84c646204747d1270a2a5661ea66ed1cced2631d546fdfb155959f9ec"

[[package]]
name = "zerocopy"
version = "0.7.35"
source = "registry+https://github.com/rust-lang/crates.io-index"
checksum = "1b9b4fd18abc82b8136838da5d50bae7bdea537c574d8dc1a34ed098d6c166f0"
dependencies = [
 "zerocopy-derive",
]

[[package]]
name = "zerocopy-derive"
version = "0.7.35"
source = "registry+https://github.com/rust-lang/crates.io-index"
checksum = "fa4f8080344d4671fb4e831a13ad1e68092748387dfc4f55e356242fae12ce3e"
dependencies = [
 "proc-macro2",
 "quote",
 "syn 2.0.96",
]
